
Microsoft Visual Studio Solution File, Format Version 12.00
# Visual Studio Version 17
VisualStudioVersion = 17.14.36623.8
MinimumVisualStudioVersion = 10.0.40219.1
Project("{FAE04EC0-301F-11D3-BF4B-00C04F79EFBC}") = "Taoda", "Taoda\Taoda.csproj", "{2099D74D-27EB-2F28-5AEB-7165742F5712}"
EndProject
Project("{FAE04EC0-301F-11D3-BF4B-00C04F79EFBC}") = "Taoda.Desktop", "Taoda.Desktop\Taoda.Desktop.csproj", "{E9F90F5F-976B-5530-7F0B-0F0A44D5F585}"
EndProject
Project("{2150E333-8FDC-42A3-9474-1A3956D46DE8}") = "SolutionItems", "SolutionItems", "{02EA681E-C7D8-13C7-8484-4AC65E1B71E8}"
	ProjectSection(SolutionItems) = preProject
		Directory.Build.props = Directory.Build.props
		README.md = README.md
	EndProjectSection
EndProject
Global
	GlobalSection(SolutionConfigurationPlatforms) = preSolution
		Debug|Any CPU = Debug|Any CPU
		Release|Any CPU = Release|Any CPU
	EndGlobalSection
	GlobalSection(ProjectConfigurationPlatforms) = postSolution
		{2099D74D-27EB-2F28-5AEB-7165742F5712}.Debug|Any CPU.ActiveCfg = Debug|Any CPU
		{2099D74D-27EB-2F28-5AEB-7165742F5712}.Debug|Any CPU.Build.0 = Debug|Any CPU
		{2099D74D-27EB-2F28-5AEB-7165742F5712}.Release|Any CPU.ActiveCfg = Release|Any CPU
		{2099D74D-27EB-2F28-5AEB-7165742F5712}.Release|Any CPU.Build.0 = Release|Any CPU
		{E9F90F5F-976B-5530-7F0B-0F0A44D5F585}.Debug|Any CPU.ActiveCfg = Debug|Any CPU
		{E9F90F5F-976B-5530-7F0B-0F0A44D5F585}.Debug|Any CPU.Build.0 = Debug|Any CPU
		{E9F90F5F-976B-5530-7F0B-0F0A44D5F585}.Release|Any CPU.ActiveCfg = Release|Any CPU
		{E9F90F5F-976B-5530-7F0B-0F0A44D5F585}.Release|Any CPU.Build.0 = Release|Any CPU
	EndGlobalSection
	GlobalSection(SolutionProperties) = preSolution
		HideSolutionNode = FALSE
	EndGlobalSection
	GlobalSection(ExtensibilityGlobals) = postSolution
		SolutionGuid = {E195A49B-FA2D-4BB0-86FD-9BFD762B601C}
	EndGlobalSection
EndGlobal
